
Microsoft Visual Studio Solution File, Format Version 12.00
# Visual Studio Version 17
VisualStudioVersion = 17.11.35312.102
MinimumVisualStudioVersion = 10.0.40219.1
Project("{FAE04EC0-301F-11D3-BF4B-00C04F79EFBC}") = "DefaultCSharpInterfacesHW", "DefaultCSharpInterfacesHW\DefaultCSharpInterfacesHW.csproj", "{6931862B-078F-4131-A0ED-569BE28AF026}"
EndProject
Global
	GlobalSection(SolutionConfigurationPlatforms) = preSolution
		Debug|Any CPU = Debug|Any CPU
		Release|Any CPU = Release|Any CPU
	EndGlobalSection
	GlobalSection(ProjectConfigurationPlatforms) = postSolution
		{6931862B-078F-4131-A0ED-569BE28AF026}.Debug|Any CPU.ActiveCfg = Debug|Any CPU
		{6931862B-078F-4131-A0ED-569BE28AF026}.Debug|Any CPU.Build.0 = Debug|Any CPU
		{6931862B-078F-4131-A0ED-569BE28AF026}.Release|Any CPU.ActiveCfg = Release|Any CPU
		{6931862B-078F-4131-A0ED-569BE28AF026}.Release|Any CPU.Build.0 = Release|Any CPU
	EndGlobalSection
	GlobalSection(SolutionProperties) = preSolution
		HideSolutionNode = FALSE
	EndGlobalSection
	GlobalSection(ExtensibilityGlobals) = postSolution
		SolutionGuid = {552F5FE9-C958-4024-AA76-A24B6B19571B}
	EndGlobalSection
EndGlobal
